// !$*UTF8*$!
{
	archiveVersion = 1;
	classes = {
	};
	objectVersion = 50;
	objects = {

/* Begin PBXBuildFile section */
		CDDFBC37258D0B7400B4BED9 /* AppDelegate.swift in Sources */ = {isa = PBXBuildFile; fileRef = CDDFBC36258D0B7400B4BED9 /* AppDelegate.swift */; };
		CDDFBC39258D0B7400B4BED9 /* SceneDelegate.swift in Sources */ = {isa = PBXBuildFile; fileRef = CDDFBC38258D0B7400B4BED9 /* SceneDelegate.swift */; };
		CDDFBC3E258D0B7400B4BED9 /* Main.storyboard in Resources */ = {isa = PBXBuildFile; fileRef = CDDFBC3C258D0B7400B4BED9 /* Main.storyboard */; };
		CDDFBC40258D0B7800B4BED9 /* Assets.xcassets in Resources */ = {isa = PBXBuildFile; fileRef = CDDFBC3F258D0B7800B4BED9 /* Assets.xcassets */; };
		CDDFBC43258D0B7800B4BED9 /* LaunchScreen.storyboard in Resources */ = {isa = PBXBuildFile; fileRef = CDDFBC41258D0B7800B4BED9 /* LaunchScreen.storyboard */; };
		CDDFBC4D258D0C2B00B4BED9 /* StarWarsTableViewController.swift in Sources */ = {isa = PBXBuildFile; fileRef = CDDFBC4C258D0C2B00B4BED9 /* StarWarsTableViewController.swift */; };
		CDDFBC51258D11C800B4BED9 /* CharacterDetailViewController.swift in Sources */ = {isa = PBXBuildFile; fileRef = CDDFBC50258D11C800B4BED9 /* CharacterDetailViewController.swift */; };
		CDDFBC54258D16B200B4BED9 /* StarWarsModel.swift in Sources */ = {isa = PBXBuildFile; fileRef = CDDFBC53258D16B200B4BED9 /* StarWarsModel.swift */; };
		CDDFBC57258D183C00B4BED9 /* NetworkingManager.swift in Sources */ = {isa = PBXBuildFile; fileRef = CDDFBC56258D183C00B4BED9 /* NetworkingManager.swift */; };
/* End PBXBuildFile section */

/* Begin PBXFileReference section */
		CDDFBC33258D0B7400B4BED9 /* StarWarsAPI.app */ = {isa = PBXFileReference; explicitFileType = wrapper.application; includeInIndex = 0; path = StarWarsAPI.app; sourceTree = BUILT_PRODUCTS_DIR; };
		CDDFBC36258D0B7400B4BED9 /* AppDelegate.swift */ = {isa = PBXFileReference; lastKnownFileType = sourcecode.swift; path = AppDelegate.swift; sourceTree = "<group>"; };
		CDDFBC38258D0B7400B4BED9 /* SceneDelegate.swift */ = {isa = PBXFileReference; lastKnownFileType = sourcecode.swift; path = SceneDelegate.swift; sourceTree = "<group>"; };
		CDDFBC3D258D0B7400B4BED9 /* Base */ = {isa = PBXFileReference; lastKnownFileType = file.storyboard; name = Base; path = Base.lproj/Main.storyboard; sourceTree = "<group>"; };
		CDDFBC3F258D0B7800B4BED9 /* Assets.xcassets */ = {isa = PBXFileReference; lastKnownFileType = folder.assetcatalog; path = Assets.xcassets; sourceTree = "<group>"; };
		CDDFBC42258D0B7800B4BED9 /* Base */ = {isa = PBXFileReference; lastKnownFileType = file.storyboard; name = Base; path = Base.lproj/LaunchScreen.storyboard; sourceTree = "<group>"; };
		CDDFBC44258D0B7800B4BED9 /* Info.plist */ = {isa = PBXFileReference; lastKnownFileType = text.plist.xml; path = Info.plist; sourceTree = "<group>"; };
		CDDFBC4C258D0C2B00B4BED9 /* StarWarsTableViewController.swift */ = {isa = PBXFileReference; lastKnownFileType = sourcecode.swift; path = StarWarsTableViewController.swift; sourceTree = "<group>"; };
		CDDFBC50258D11C800B4BED9 /* CharacterDetailViewController.swift */ = {isa = PBXFileReference; lastKnownFileType = sourcecode.swift; path = CharacterDetailViewController.swift; sourceTree = "<group>"; };
		CDDFBC53258D16B200B4BED9 /* StarWarsModel.swift */ = {isa = PBXFileReference; lastKnownFileType = sourcecode.swift; path = StarWarsModel.swift; sourceTree = "<group>"; };
		CDDFBC56258D183C00B4BED9 /* NetworkingManager.swift */ = {isa = PBXFileReference; lastKnownFileType = sourcecode.swift; path = NetworkingManager.swift; sourceTree = "<group>"; };
/* End PBXFileReference section */

/* Begin PBXFrameworksBuildPhase section */
		CDDFBC30258D0B7400B4BED9 /* Frameworks */ = {
			isa = PBXFrameworksBuildPhase;
			buildActionMask = 2147483647;
			files = (
			);
			runOnlyForDeploymentPostprocessing = 0;
		};
/* End PBXFrameworksBuildPhase section */

/* Begin PBXGroup section */
		CDDFBC2A258D0B7400B4BED9 = {
			isa = PBXGroup;
			children = (
				CDDFBC35258D0B7400B4BED9 /* StarWarsAPI */,
				CDDFBC34258D0B7400B4BED9 /* Products */,
			);
			sourceTree = "<group>";
		};
		CDDFBC34258D0B7400B4BED9 /* Products */ = {
			isa = PBXGroup;
			children = (
				CDDFBC33258D0B7400B4BED9 /* StarWarsAPI.app */,
			);
			name = Products;
			sourceTree = "<group>";
		};
		CDDFBC35258D0B7400B4BED9 /* StarWarsAPI */ = {
			isa = PBXGroup;
			children = (
				CDDFBC36258D0B7400B4BED9 /* AppDelegate.swift */,
				CDDFBC38258D0B7400B4BED9 /* SceneDelegate.swift */,
				CDDFBC4C258D0C2B00B4BED9 /* StarWarsTableViewController.swift */,
				CDDFBC3C258D0B7400B4BED9 /* Main.storyboard */,
				CDDFBC3F258D0B7800B4BED9 /* Assets.xcassets */,
				CDDFBC41258D0B7800B4BED9 /* LaunchScreen.storyboard */,
				CDDFBC44258D0B7800B4BED9 /* Info.plist */,
				CDDFBC50258D11C800B4BED9 /* CharacterDetailViewController.swift */,
				CDDFBC53258D16B200B4BED9 /* StarWarsModel.swift */,
				CDDFBC56258D183C00B4BED9 /* NetworkingManager.swift */,
			);
			path = StarWarsAPI;
			sourceTree = "<group>";
		};
/* End PBXGroup section */

/* Begin PBXNativeTarget section */
		CDDFBC32258D0B7400B4BED9 /* StarWarsAPI */ = {
			isa = PBXNativeTarget;
			buildConfigurationList = CDDFBC47258D0B7800B4BED9 /* Build configuration list for PBXNativeTarget "StarWarsAPI" */;
			buildPhases = (
				CDDFBC2F258D0B7400B4BED9 /* Sources */,
				CDDFBC30258D0B7400B4BED9 /* Frameworks */,
				CDDFBC31258D0B7400B4BED9 /* Resources */,
			);
			buildRules = (
			);
			dependencies = (
			);
			name = StarWarsAPI;
			productName = StarWarsAPI;
			productReference = CDDFBC33258D0B7400B4BED9 /* StarWarsAPI.app */;
			productType = "com.apple.product-type.application";
		};
/* End PBXNativeTarget section */

/* Begin PBXProject section */
		CDDFBC2B258D0B7400B4BED9 /* Project object */ = {
			isa = PBXProject;
			attributes = {
				LastSwiftUpdateCheck = 1220;
				LastUpgradeCheck = 1220;
				TargetAttributes = {
					CDDFBC32258D0B7400B4BED9 = {
						CreatedOnToolsVersion = 12.2;
					};
				};
			};
			buildConfigurationList = CDDFBC2E258D0B7400B4BED9 /* Build configuration list for PBXProject "StarWarsAPI" */;
			compatibilityVersion = "Xcode 9.3";
			developmentRegion = en;
			hasScannedForEncodings = 0;
			knownRegions = (
				en,
				Base,
			);
			mainGroup = CDDFBC2A258D0B7400B4BED9;
			productRefGroup = CDDFBC34258D0B7400B4BED9 /* Products */;
			projectDirPath = "";
			projectRoot = "";
			targets = (
				CDDFBC32258D0B7400B4BED9 /* StarWarsAPI */,
			);
		};
/* End PBXProject section */

/* Begin PBXResourcesBuildPhase section */
		CDDFBC31258D0B7400B4BED9 /* Resources */ = {
			isa = PBXResourcesBuildPhase;
			buildActionMask = 2147483647;
			files = (
				CDDFBC43258D0B7800B4BED9 /* LaunchScreen.storyboard in Resources */,
				CDDFBC40258D0B7800B4BED9 /* Assets.xcassets in Resources */,
				CDDFBC3E258D0B7400B4BED9 /* Main.storyboard in Resources */,
			);
			runOnlyForDeploymentPostprocessing = 0;
		};
/* End PBXResourcesBuildPhase section */

/* Begin PBXSourcesBuildPhase section */
		CDDFBC2F258D0B7400B4BED9 /* Sources */ = {
			isa = PBXSourcesBuildPhase;
			buildActionMask = 2147483647;
			files = (
				CDDFBC37258D0B7400B4BED9 /* AppDelegate.swift in Sources */,
				CDDFBC51258D11C800B4BED9 /* CharacterDetailViewController.swift in Sources */,
				CDDFBC54258D16B200B4BED9 /* StarWarsModel.swift in Sources */,
				CDDFBC57258D183C00B4BED9 /* NetworkingManager.swift in Sources */,
				CDDFBC4D258D0C2B00B4BED9 /* StarWarsTableViewController.swift in Sources */,
				CDDFBC39258D0B7400B4BED9 /* SceneDelegate.swift in Sources */,
			);
			runOnlyForDeploymentPostprocessing = 0;
		};
/* End PBXSourcesBuildPhase section */

/* Begin PBXVariantGroup section */
		CDDFBC3C258D0B7400B4BED9 /* Main.storyboard */ = {
			isa = PBXVariantGroup;
			children = (
				CDDFBC3D258D0B7400B4BED9 /* Base */,
			);
			name = Main.storyboard;
			sourceTree = "<group>";
		};
		CDDFBC41258D0B7800B4BED9 /* LaunchScreen.storyboard */ = {
			isa = PBXVariantGroup;
			children = (
				CDDFBC42258D0B7800B4BED9 /* Base */,
			);
			name = LaunchScreen.storyboard;
			sourceTree = "<group>";
		};
/* End PBXVariantGroup section */

/* Begin XCBuildConfiguration section */
		CDDFBC45258D0B7800B4BED9 /* Debug */ = {
			isa = XCBuildConfiguration;
			buildSettings = {
				ALWAYS_SEARCH_USER_PATHS = NO;
				CLANG_ANALYZER_NONNULL = YES;
				CLANG_ANALYZER_NUMBER_OBJECT_CONVERSION = YES_AGGRESSIVE;
				CLANG_CXX_LANGUAGE_STANDARD = "gnu++14";
				CLANG_CXX_LIBRARY = "libc++";
				CLANG_ENABLE_MODULES = YES;
				CLANG_ENABLE_OBJC_ARC = YES;
				CLANG_ENABLE_OBJC_WEAK = YES;
				CLANG_WARN_BLOCK_CAPTURE_AUTORELEASING = YES;
				CLANG_WARN_BOOL_CONVERSION = YES;
				CLANG_WARN_COMMA = YES;
				CLANG_WARN_CONSTANT_CONVERSION = YES;
				CLANG_WARN_DEPRECATED_OBJC_IMPLEMENTATIONS = YES;
				CLANG_WARN_DIRECT_OBJC_ISA_USAGE = YES_ERROR;
				CLANG_WARN_DOCUMENTATION_COMMENTS = YES;
				CLANG_WARN_EMPTY_BODY = YES;
				CLANG_WARN_ENUM_CONVERSION = YES;
				CLANG_WARN_INFINITE_RECURSION = YES;
				CLANG_WARN_INT_CONVERSION = YES;
				CLANG_WARN_NON_LITERAL_NULL_CONVERSION = YES;
				CLANG_WARN_OBJC_IMPLICIT_RETAIN_SELF = YES;
				CLANG_WARN_OBJC_LITERAL_CONVERSION = YES;
				CLANG_WARN_OBJC_ROOT_CLASS = YES_ERROR;
				CLANG_WARN_QUOTED_INCLUDE_IN_FRAMEWORK_HEADER = YES;
				CLANG_WARN_RANGE_LOOP_ANALYSIS = YES;
				CLANG_WARN_STRICT_PROTOTYPES = YES;
				CLANG_WARN_SUSPICIOUS_MOVE = YES;
				CLANG_WARN_UNGUARDED_AVAILABILITY = YES_AGGRESSIVE;
				CLANG_WARN_UNREACHABLE_CODE = YES;
				CLANG_WARN__DUPLICATE_METHOD_MATCH = YES;
				COPY_PHASE_STRIP = NO;
				DEBUG_INFORMATION_FORMAT = dwarf;
				ENABLE_STRICT_OBJC_MSGSEND = YES;
				ENABLE_TESTABILITY = YES;
				GCC_C_LANGUAGE_STANDARD = gnu11;
				GCC_DYNAMIC_NO_PIC = NO;
				GCC_NO_COMMON_BLOCKS = YES;
				GCC_OPTIMIZATION_LEVEL = 0;
				GCC_PREPROCESSOR_DEFINITIONS = (
					"DEBUG=1",
					"$(inherited)",
				);
				GCC_WARN_64_TO_32_BIT_CONVERSION = YES;
				GCC_WARN_ABOUT_RETURN_TYPE = YES_ERROR;
				GCC_WARN_UNDECLARED_SELECTOR = YES;
				GCC_WARN_UNINITIALIZED_AUTOS = YES_AGGRESSIVE;
				GCC_WARN_UNUSED_FUNCTION = YES;
				GCC_WARN_UNUSED_VARIABLE = YES;
				IPHONEOS_DEPLOYMENT_TARGET = 14.2;
				MTL_ENABLE_DEBUG_INFO = INCLUDE_SOURCE;
				MTL_FAST_MATH = YES;
				ONLY_ACTIVE_ARCH = YES;
				SDKROOT = iphoneos;
				SWIFT_ACTIVE_COMPILATION_CONDITIONS = DEBUG;
				SWIFT_OPTIMIZATION_LEVEL = "-Onone";
			};
			name = Debug;
		};
		CDDFBC46258D0B7800B4BED9 /* Release */ = {
			isa = XCBuildConfiguration;
			buildSettings = {
				ALWAYS_SEARCH_USER_PATHS = NO;
				CLANG_ANALYZER_NONNULL = YES;
				CLANG_ANALYZER_NUMBER_OBJECT_CONVERSION = YES_AGGRESSIVE;
				CLANG_CXX_LANGUAGE_STANDARD = "gnu++14";
				CLANG_CXX_LIBRARY = "libc++";
				CLANG_ENABLE_MODULES = YES;
				CLANG_ENABLE_OBJC_ARC = YES;
				CLANG_ENABLE_OBJC_WEAK = YES;
				CLANG_WARN_BLOCK_CAPTURE_AUTORELEASING = YES;
				CLANG_WARN_BOOL_CONVERSION = YES;
				CLANG_WARN_COMMA = YES;
				CLANG_WARN_CONSTANT_CONVERSION = YES;
				CLANG_WARN_DEPRECATED_OBJC_IMPLEMENTATIONS = YES;
				CLANG_WARN_DIRECT_OBJC_ISA_USAGE = YES_ERROR;
				CLANG_WARN_DOCUMENTATION_COMMENTS = YES;
				CLANG_WARN_EMPTY_BODY = YES;
				CLANG_WARN_ENUM_CONVERSION = YES;
				CLANG_WARN_INFINITE_RECURSION = YES;
				CLANG_WARN_INT_CONVERSION = YES;
				CLANG_WARN_NON_LITERAL_NULL_CONVERSION = YES;
				CLANG_WARN_OBJC_IMPLICIT_RETAIN_SELF = YES;
				CLANG_WARN_OBJC_LITERAL_CONVERSION = YES;
				CLANG_WARN_OBJC_ROOT_CLASS = YES_ERROR;
				CLANG_WARN_QUOTED_INCLUDE_IN_FRAMEWORK_HEADER = YES;
				CLANG_WARN_RANGE_LOOP_ANALYSIS = YES;
				CLANG_WARN_STRICT_PROTOTYPES = YES;
				CLANG_WARN_SUSPICIOUS_MOVE = YES;
				CLANG_WARN_UNGUARDED_AVAILABILITY = YES_AGGRESSIVE;
				CLANG_WARN_UNREACHABLE_CODE = YES;
				CLANG_WARN__DUPLICATE_METHOD_MATCH = YES;
				COPY_PHASE_STRIP = NO;
				DEBUG_INFORMATION_FORMAT = "dwarf-with-dsym";
				ENABLE_NS_ASSERTIONS = NO;
				ENABLE_STRICT_OBJC_MSGSEND = YES;
				GCC_C_LANGUAGE_STANDARD = gnu11;
				GCC_NO_COMMON_BLOCKS = YES;
				GCC_WARN_64_TO_32_BIT_CONVERSION = YES;
				GCC_WARN_ABOUT_RETURN_TYPE = YES_ERROR;
				GCC_WARN_UNDECLARED_SELECTOR = YES;
				GCC_WARN_UNINITIALIZED_AUTOS = YES_AGGRESSIVE;
				GCC_WARN_UNUSED_FUNCTION = YES;
				GCC_WARN_UNUSED_VARIABLE = YES;
				IPHONEOS_DEPLOYMENT_TARGET = 14.2;
				MTL_ENABLE_DEBUG_INFO = NO;
				MTL_FAST_MATH = YES;
				SDKROOT = iphoneos;
				SWIFT_COMPILATION_MODE = wholemodule;
				SWIFT_OPTIMIZATION_LEVEL = "-O";
				VALIDATE_PRODUCT = YES;
			};
			name = Release;
		};
		CDDFBC48258D0B7800B4BED9 /* Debug */ = {
			isa = XCBuildConfiguration;
			buildSettings = {
				ASSETCATALOG_COMPILER_APPICON_NAME = AppIcon;
				ASSETCATALOG_COMPILER_GLOBAL_ACCENT_COLOR_NAME = AccentColor;
				CODE_SIGN_STYLE = Automatic;
				INFOPLIST_FILE = StarWarsAPI/Info.plist;
				LD_RUNPATH_SEARCH_PATHS = (
					"$(inherited)",
					"@executable_path/Frameworks",
				);
				PRODUCT_BUNDLE_IDENTIFIER = dev.nathan.visser.StarWarsAPI;
				PRODUCT_NAME = "$(TARGET_NAME)";
				SWIFT_VERSION = 5.0;
				TARGETED_DEVICE_FAMILY = "1,2";
			};
			name = Debug;
		};
		CDDFBC49258D0B7800B4BED9 /* Release */ = {
			isa = XCBuildConfiguration;
			buildSettings = {
				ASSETCATALOG_COMPILER_APPICON_NAME = AppIcon;
				ASSETCATALOG_COMPILER_GLOBAL_ACCENT_COLOR_NAME = AccentColor;
				CODE_SIGN_STYLE = Automatic;
				INFOPLIST_FILE = StarWarsAPI/Info.plist;
				LD_RUNPATH_SEARCH_PATHS = (
					"$(inherited)",
					"@executable_path/Frameworks",
				);
				PRODUCT_BUNDLE_IDENTIFIER = dev.nathan.visser.StarWarsAPI;
				PRODUCT_NAME = "$(TARGET_NAME)";
				SWIFT_VERSION = 5.0;
				TARGETED_DEVICE_FAMILY = "1,2";
			};
			name = Release;
		};
/* End XCBuildConfiguration section */

/* Begin XCConfigurationList section */
		CDDFBC2E258D0B7400B4BED9 /* Build configuration list for PBXProject "StarWarsAPI" */ = {
			isa = XCConfigurationList;
			buildConfigurations = (
				CDDFBC45258D0B7800B4BED9 /* Debug */,
				CDDFBC46258D0B7800B4BED9 /* Release */,
			);
			defaultConfigurationIsVisible = 0;
			defaultConfigurationName = Release;
		};
		CDDFBC47258D0B7800B4BED9 /* Build configuration list for PBXNativeTarget "StarWarsAPI" */ = {
			isa = XCConfigurationList;
			buildConfigurations = (
				CDDFBC48258D0B7800B4BED9 /* Debug */,
				CDDFBC49258D0B7800B4BED9 /* Release */,
			);
			defaultConfigurationIsVisible = 0;
			defaultConfigurationName = Release;
		};
/* End XCConfigurationList section */
	};
	rootObject = CDDFBC2B258D0B7400B4BED9 /* Project object */;
}
